
Microsoft Visual Studio Solution File, Format Version 12.00
# Visual Studio Version 17
VisualStudioVersion = 17.9.34728.123
MinimumVisualStudioVersion = 10.0.40219.1
Project("{FAE04EC0-301F-11D3-BF4B-00C04F79EFBC}") = "Clock", "Clock\Clock.csproj", "{8A76A185-67D1-4502-AE4F-CFC3FB60A980}"
EndProject
Global
	GlobalSection(SolutionConfigurationPlatforms) = preSolution
		Debug|Any CPU = Debug|Any CPU
		Release|Any CPU = Release|Any CPU
	EndGlobalSection
	GlobalSection(ProjectConfigurationPlatforms) = postSolution
		{8A76A185-67D1-4502-AE4F-CFC3FB60A980}.Debug|Any CPU.ActiveCfg = Debug|Any CPU
		{8A76A185-67D1-4502-AE4F-CFC3FB60A980}.Debug|Any CPU.Build.0 = Debug|Any CPU
		{8A76A185-67D1-4502-AE4F-CFC3FB60A980}.Release|Any CPU.ActiveCfg = Release|Any CPU
		{8A76A185-67D1-4502-AE4F-CFC3FB60A980}.Release|Any CPU.Build.0 = Release|Any CPU
	EndGlobalSection
	GlobalSection(SolutionProperties) = preSolution
		HideSolutionNode = FALSE
	EndGlobalSection
	GlobalSection(ExtensibilityGlobals) = postSolution
		SolutionGuid = {34C68A76-87EF-4FBB-8F20-262700C9A50B}
	EndGlobalSection
EndGlobal
